
Microsoft Visual Studio Solution File, Format Version 12.00
# Visual Studio Version 17
VisualStudioVersion = 17.3.32804.467
MinimumVisualStudioVersion = 10.0.40219.1
Project("{FAE04EC0-301F-11D3-BF4B-00C04F79EFBC}") = "1.4 (Console)", "1.4 (Console)\1.4 (Console).csproj", "{91372B19-7370-4E9E-ADEA-5ED8548456E3}"
EndProject
Global
	GlobalSection(SolutionConfigurationPlatforms) = preSolution
		Debug|Any CPU = Debug|Any CPU
		Release|Any CPU = Release|Any CPU
	EndGlobalSection
	GlobalSection(ProjectConfigurationPlatforms) = postSolution
		{91372B19-7370-4E9E-ADEA-5ED8548456E3}.Debug|Any CPU.ActiveCfg = Debug|Any CPU
		{91372B19-7370-4E9E-ADEA-5ED8548456E3}.Debug|Any CPU.Build.0 = Debug|Any CPU
		{91372B19-7370-4E9E-ADEA-5ED8548456E3}.Release|Any CPU.ActiveCfg = Release|Any CPU
		{91372B19-7370-4E9E-ADEA-5ED8548456E3}.Release|Any CPU.Build.0 = Release|Any CPU
	EndGlobalSection
	GlobalSection(SolutionProperties) = preSolution
		HideSolutionNode = FALSE
	EndGlobalSection
	GlobalSection(ExtensibilityGlobals) = postSolution
		SolutionGuid = {046C3BB0-6F0A-4807-8254-B5E910201FA5}
	EndGlobalSection
EndGlobal
