
Microsoft Visual Studio Solution File, Format Version 12.00
# Visual Studio Version 17
VisualStudioVersion = 17.3.32804.467
MinimumVisualStudioVersion = 10.0.40219.1
Project("{FAE04EC0-301F-11D3-BF4B-00C04F79EFBC}") = "1.8 (Console)", "1.8 (Console)\1.8 (Console).csproj", "{38ED328A-BA12-4C90-A980-B18E98708007}"
EndProject
Global
	GlobalSection(SolutionConfigurationPlatforms) = preSolution
		Debug|Any CPU = Debug|Any CPU
		Release|Any CPU = Release|Any CPU
	EndGlobalSection
	GlobalSection(ProjectConfigurationPlatforms) = postSolution
		{38ED328A-BA12-4C90-A980-B18E98708007}.Debug|Any CPU.ActiveCfg = Debug|Any CPU
		{38ED328A-BA12-4C90-A980-B18E98708007}.Debug|Any CPU.Build.0 = Debug|Any CPU
		{38ED328A-BA12-4C90-A980-B18E98708007}.Release|Any CPU.ActiveCfg = Release|Any CPU
		{38ED328A-BA12-4C90-A980-B18E98708007}.Release|Any CPU.Build.0 = Release|Any CPU
	EndGlobalSection
	GlobalSection(SolutionProperties) = preSolution
		HideSolutionNode = FALSE
	EndGlobalSection
	GlobalSection(ExtensibilityGlobals) = postSolution
		SolutionGuid = {A8DED53D-8DC1-47EE-BECF-4FE2A4D3FB38}
	EndGlobalSection
EndGlobal
