
Microsoft Visual Studio Solution File, Format Version 12.00
# Visual Studio Version 17
VisualStudioVersion = 17.3.32804.467
MinimumVisualStudioVersion = 10.0.40219.1
Project("{FAE04EC0-301F-11D3-BF4B-00C04F79EFBC}") = "1.10 (Window)", "1.10 (Window)\1.10 (Window).csproj", "{640055A5-D068-48AA-8E0F-7E176888DFE5}"
EndProject
Global
	GlobalSection(SolutionConfigurationPlatforms) = preSolution
		Debug|Any CPU = Debug|Any CPU
		Release|Any CPU = Release|Any CPU
	EndGlobalSection
	GlobalSection(ProjectConfigurationPlatforms) = postSolution
		{640055A5-D068-48AA-8E0F-7E176888DFE5}.Debug|Any CPU.ActiveCfg = Debug|Any CPU
		{640055A5-D068-48AA-8E0F-7E176888DFE5}.Debug|Any CPU.Build.0 = Debug|Any CPU
		{640055A5-D068-48AA-8E0F-7E176888DFE5}.Release|Any CPU.ActiveCfg = Release|Any CPU
		{640055A5-D068-48AA-8E0F-7E176888DFE5}.Release|Any CPU.Build.0 = Release|Any CPU
	EndGlobalSection
	GlobalSection(SolutionProperties) = preSolution
		HideSolutionNode = FALSE
	EndGlobalSection
	GlobalSection(ExtensibilityGlobals) = postSolution
		SolutionGuid = {E19A042D-4BC3-4039-BE73-7EC899B40535}
	EndGlobalSection
EndGlobal
