
Microsoft Visual Studio Solution File, Format Version 12.00
# Visual Studio Version 17
VisualStudioVersion = 17.3.32804.467
MinimumVisualStudioVersion = 10.0.40219.1
Project("{FAE04EC0-301F-11D3-BF4B-00C04F79EFBC}") = "1.8 (Window)", "1.8 (Window)\1.8 (Window).csproj", "{4F1D9D0D-6721-4433-8E1B-6D0DABF1855C}"
EndProject
Global
	GlobalSection(SolutionConfigurationPlatforms) = preSolution
		Debug|Any CPU = Debug|Any CPU
		Release|Any CPU = Release|Any CPU
	EndGlobalSection
	GlobalSection(ProjectConfigurationPlatforms) = postSolution
		{4F1D9D0D-6721-4433-8E1B-6D0DABF1855C}.Debug|Any CPU.ActiveCfg = Debug|Any CPU
		{4F1D9D0D-6721-4433-8E1B-6D0DABF1855C}.Debug|Any CPU.Build.0 = Debug|Any CPU
		{4F1D9D0D-6721-4433-8E1B-6D0DABF1855C}.Release|Any CPU.ActiveCfg = Release|Any CPU
		{4F1D9D0D-6721-4433-8E1B-6D0DABF1855C}.Release|Any CPU.Build.0 = Release|Any CPU
	EndGlobalSection
	GlobalSection(SolutionProperties) = preSolution
		HideSolutionNode = FALSE
	EndGlobalSection
	GlobalSection(ExtensibilityGlobals) = postSolution
		SolutionGuid = {72CEAF90-5DAB-499F-AFE9-D2C5B8041114}
	EndGlobalSection
EndGlobal
