
Microsoft Visual Studio Solution File, Format Version 12.00
# Visual Studio Version 17
VisualStudioVersion = 17.3.32804.467
MinimumVisualStudioVersion = 10.0.40219.1
Project("{FAE04EC0-301F-11D3-BF4B-00C04F79EFBC}") = "1.5 (Console)", "1.5 (Console)\1.5 (Console).csproj", "{081AC6C5-9B5C-402A-9888-DC15527D4F48}"
EndProject
Global
	GlobalSection(SolutionConfigurationPlatforms) = preSolution
		Debug|Any CPU = Debug|Any CPU
		Release|Any CPU = Release|Any CPU
	EndGlobalSection
	GlobalSection(ProjectConfigurationPlatforms) = postSolution
		{081AC6C5-9B5C-402A-9888-DC15527D4F48}.Debug|Any CPU.ActiveCfg = Debug|Any CPU
		{081AC6C5-9B5C-402A-9888-DC15527D4F48}.Debug|Any CPU.Build.0 = Debug|Any CPU
		{081AC6C5-9B5C-402A-9888-DC15527D4F48}.Release|Any CPU.ActiveCfg = Release|Any CPU
		{081AC6C5-9B5C-402A-9888-DC15527D4F48}.Release|Any CPU.Build.0 = Release|Any CPU
	EndGlobalSection
	GlobalSection(SolutionProperties) = preSolution
		HideSolutionNode = FALSE
	EndGlobalSection
	GlobalSection(ExtensibilityGlobals) = postSolution
		SolutionGuid = {5B5B5297-ADE4-49AC-8D98-CA48E7DCE125}
	EndGlobalSection
EndGlobal
