
Microsoft Visual Studio Solution File, Format Version 12.00
# Visual Studio Version 17
VisualStudioVersion = 17.3.32804.467
MinimumVisualStudioVersion = 10.0.40219.1
Project("{FAE04EC0-301F-11D3-BF4B-00C04F79EFBC}") = "1.3 (Window)", "1.3 (Window)\1.3 (Window).csproj", "{9AC95E33-1FCD-421F-A3C4-2032C3DE2FE9}"
EndProject
Global
	GlobalSection(SolutionConfigurationPlatforms) = preSolution
		Debug|Any CPU = Debug|Any CPU
		Release|Any CPU = Release|Any CPU
	EndGlobalSection
	GlobalSection(ProjectConfigurationPlatforms) = postSolution
		{9AC95E33-1FCD-421F-A3C4-2032C3DE2FE9}.Debug|Any CPU.ActiveCfg = Debug|Any CPU
		{9AC95E33-1FCD-421F-A3C4-2032C3DE2FE9}.Debug|Any CPU.Build.0 = Debug|Any CPU
		{9AC95E33-1FCD-421F-A3C4-2032C3DE2FE9}.Release|Any CPU.ActiveCfg = Release|Any CPU
		{9AC95E33-1FCD-421F-A3C4-2032C3DE2FE9}.Release|Any CPU.Build.0 = Release|Any CPU
	EndGlobalSection
	GlobalSection(SolutionProperties) = preSolution
		HideSolutionNode = FALSE
	EndGlobalSection
	GlobalSection(ExtensibilityGlobals) = postSolution
		SolutionGuid = {7F11944E-B240-43D7-8D1D-858A135858C3}
	EndGlobalSection
EndGlobal
