
Microsoft Visual Studio Solution File, Format Version 12.00
# Visual Studio Version 17
VisualStudioVersion = 17.3.32804.467
MinimumVisualStudioVersion = 10.0.40219.1
Project("{FAE04EC0-301F-11D3-BF4B-00C04F79EFBC}") = "1.9 (Window)", "1.9 (Window)\1.9 (Window).csproj", "{BCDD2579-74D7-4D5E-B9A6-0405AFC84EB3}"
EndProject
Global
	GlobalSection(SolutionConfigurationPlatforms) = preSolution
		Debug|Any CPU = Debug|Any CPU
		Release|Any CPU = Release|Any CPU
	EndGlobalSection
	GlobalSection(ProjectConfigurationPlatforms) = postSolution
		{BCDD2579-74D7-4D5E-B9A6-0405AFC84EB3}.Debug|Any CPU.ActiveCfg = Debug|Any CPU
		{BCDD2579-74D7-4D5E-B9A6-0405AFC84EB3}.Debug|Any CPU.Build.0 = Debug|Any CPU
		{BCDD2579-74D7-4D5E-B9A6-0405AFC84EB3}.Release|Any CPU.ActiveCfg = Release|Any CPU
		{BCDD2579-74D7-4D5E-B9A6-0405AFC84EB3}.Release|Any CPU.Build.0 = Release|Any CPU
	EndGlobalSection
	GlobalSection(SolutionProperties) = preSolution
		HideSolutionNode = FALSE
	EndGlobalSection
	GlobalSection(ExtensibilityGlobals) = postSolution
		SolutionGuid = {D26AC4F0-04D1-4F3E-B341-8159E6E0422D}
	EndGlobalSection
EndGlobal
